
Microsoft Visual Studio Solution File, Format Version 12.00
# Visual Studio 15
VisualStudioVersion = 15.0.28010.2036
MinimumVisualStudioVersion = 10.0.40219.1
Project("{FAE04EC0-301F-11D3-BF4B-00C04F79EFBC}") = "Prework-Calculator", "Prework-Calculator\Prework-Calculator.csproj", "{9E1ACA1B-5FC3-4A62-821A-B7137A197F83}"
EndProject
Global
	GlobalSection(SolutionConfigurationPlatforms) = preSolution
		Debug|Any CPU = Debug|Any CPU
		Release|Any CPU = Release|Any CPU
	EndGlobalSection
	GlobalSection(ProjectConfigurationPlatforms) = postSolution
		{9E1ACA1B-5FC3-4A62-821A-B7137A197F83}.Debug|Any CPU.ActiveCfg = Debug|Any CPU
		{9E1ACA1B-5FC3-4A62-821A-B7137A197F83}.Debug|Any CPU.Build.0 = Debug|Any CPU
		{9E1ACA1B-5FC3-4A62-821A-B7137A197F83}.Release|Any CPU.ActiveCfg = Release|Any CPU
		{9E1ACA1B-5FC3-4A62-821A-B7137A197F83}.Release|Any CPU.Build.0 = Release|Any CPU
	EndGlobalSection
	GlobalSection(SolutionProperties) = preSolution
		HideSolutionNode = FALSE
	EndGlobalSection
	GlobalSection(ExtensibilityGlobals) = postSolution
		SolutionGuid = {FE269313-EF17-4123-ABA3-E616B6D54121}
	EndGlobalSection
EndGlobal
